Microsoft Visual Studio Solution File, Format Version 12.00
# Visual Studio Version 17
VisualStudioVersion = 17.5.2.0
MinimumVisualStudioVersion = 10.0.40219.1
Project("{FAE04EC0-301F-11D3-BF4B-00C04F79EFBC}") = "Array_App", "Array_App.csproj", "{32EF7BA1-A5F3-D89C-B3C0-45E2F00A49B8}"
EndProject
Global
	GlobalSection(SolutionConfigurationPlatforms) = preSolution
		Debug|Any CPU = Debug|Any CPU
		Release|Any CPU = Release|Any CPU
	EndGlobalSection
	GlobalSection(ProjectConfigurationPlatforms) = postSolution
		{32EF7BA1-A5F3-D89C-B3C0-45E2F00A49B8}.Debug|Any CPU.ActiveCfg = Debug|Any CPU
		{32EF7BA1-A5F3-D89C-B3C0-45E2F00A49B8}.Debug|Any CPU.Build.0 = Debug|Any CPU
		{32EF7BA1-A5F3-D89C-B3C0-45E2F00A49B8}.Release|Any CPU.ActiveCfg = Release|Any CPU
		{32EF7BA1-A5F3-D89C-B3C0-45E2F00A49B8}.Release|Any CPU.Build.0 = Release|Any CPU
	EndGlobalSection
	GlobalSection(SolutionProperties) = preSolution
		HideSolutionNode = FALSE
	EndGlobalSection
	GlobalSection(ExtensibilityGlobals) = postSolution
		SolutionGuid = {01A552A7-4A32-4247-97D1-554724E10CAE}
	EndGlobalSection
EndGlobal
